
Microsoft Visual Studio Solution File, Format Version 12.00
# Visual Studio Version 17
VisualStudioVersion = 17.5.002.0
MinimumVisualStudioVersion = 10.0.40219.1
Project("{9A19103F-16F7-4668-BE54-9A1E7A4F7556}") = "Code", "Code\Code.csproj", "{5408AA5D-0C66-42F0-B0E2-F1EA29D41744}"
EndProject
Project("{FAE04EC0-301F-11D3-BF4B-00C04F79EFBC}") = "Code2", "Code2\Code2.csproj", "{E45C907F-ACD6-403C-9AC5-5C826A611833}"
EndProject
Global
	GlobalSection(SolutionConfigurationPlatforms) = preSolution
		Debug|Any CPU = Debug|Any CPU
		Release|Any CPU = Release|Any CPU
	EndGlobalSection
	GlobalSection(ProjectConfigurationPlatforms) = postSolution
		{5408AA5D-0C66-42F0-B0E2-F1EA29D41744}.Debug|Any CPU.ActiveCfg = Debug|Any CPU
		{5408AA5D-0C66-42F0-B0E2-F1EA29D41744}.Debug|Any CPU.Build.0 = Debug|Any CPU
		{5408AA5D-0C66-42F0-B0E2-F1EA29D41744}.Release|Any CPU.ActiveCfg = Release|Any CPU
		{5408AA5D-0C66-42F0-B0E2-F1EA29D41744}.Release|Any CPU.Build.0 = Release|Any CPU
		{E45C907F-ACD6-403C-9AC5-5C826A611833}.Debug|Any CPU.ActiveCfg = Debug|Any CPU
		{E45C907F-ACD6-403C-9AC5-5C826A611833}.Debug|Any CPU.Build.0 = Debug|Any CPU
		{E45C907F-ACD6-403C-9AC5-5C826A611833}.Release|Any CPU.ActiveCfg = Release|Any CPU
		{E45C907F-ACD6-403C-9AC5-5C826A611833}.Release|Any CPU.Build.0 = Release|Any CPU
	EndGlobalSection
	GlobalSection(SolutionProperties) = preSolution
		HideSolutionNode = FALSE
	EndGlobalSection
	GlobalSection(ExtensibilityGlobals) = postSolution
		SolutionGuid = {BCA72DBE-2336-47B2-AC9D-B6CE6DF2EFC3}
	EndGlobalSection
EndGlobal
