
Microsoft Visual Studio Solution File, Format Version 12.00
# Visual Studio Version 17
VisualStudioVersion = 17.5.002.0
MinimumVisualStudioVersion = 10.0.40219.1
Project("{9A19103F-16F7-4668-BE54-9A1E7A4F7556}") = "Code", "Code.csproj", "{CAFCE836-7C5F-41AA-97CB-180BFA8FA122}"
EndProject
Global
	GlobalSection(SolutionConfigurationPlatforms) = preSolution
		Debug|Any CPU = Debug|Any CPU
		Release|Any CPU = Release|Any CPU
	EndGlobalSection
	GlobalSection(ProjectConfigurationPlatforms) = postSolution
		{CAFCE836-7C5F-41AA-97CB-180BFA8FA122}.Debug|Any CPU.ActiveCfg = Debug|Any CPU
		{CAFCE836-7C5F-41AA-97CB-180BFA8FA122}.Debug|Any CPU.Build.0 = Debug|Any CPU
		{CAFCE836-7C5F-41AA-97CB-180BFA8FA122}.Release|Any CPU.ActiveCfg = Release|Any CPU
		{CAFCE836-7C5F-41AA-97CB-180BFA8FA122}.Release|Any CPU.Build.0 = Release|Any CPU
	EndGlobalSection
	GlobalSection(SolutionProperties) = preSolution
		HideSolutionNode = FALSE
	EndGlobalSection
	GlobalSection(ExtensibilityGlobals) = postSolution
		SolutionGuid = {BF5DF577-240A-4311-9428-F33217ED14D4}
	EndGlobalSection
EndGlobal
