
Microsoft Visual Studio Solution File, Format Version 12.00
# Visual Studio Version 17
VisualStudioVersion = 17.5.002.0
MinimumVisualStudioVersion = 10.0.40219.1
Project("{9A19103F-16F7-4668-BE54-9A1E7A4F7556}") = "Code2", "Code2.csproj", "{F7694638-2DD3-44D9-9685-534A81302B48}"
EndProject
Global
	GlobalSection(SolutionConfigurationPlatforms) = preSolution
		Debug|Any CPU = Debug|Any CPU
		Release|Any CPU = Release|Any CPU
	EndGlobalSection
	GlobalSection(ProjectConfigurationPlatforms) = postSolution
		{F7694638-2DD3-44D9-9685-534A81302B48}.Debug|Any CPU.ActiveCfg = Debug|Any CPU
		{F7694638-2DD3-44D9-9685-534A81302B48}.Debug|Any CPU.Build.0 = Debug|Any CPU
		{F7694638-2DD3-44D9-9685-534A81302B48}.Release|Any CPU.ActiveCfg = Release|Any CPU
		{F7694638-2DD3-44D9-9685-534A81302B48}.Release|Any CPU.Build.0 = Release|Any CPU
	EndGlobalSection
	GlobalSection(SolutionProperties) = preSolution
		HideSolutionNode = FALSE
	EndGlobalSection
	GlobalSection(ExtensibilityGlobals) = postSolution
		SolutionGuid = {26C476E3-C106-4666-98B3-F8E005FD3B22}
	EndGlobalSection
EndGlobal
